// !$*UTF8*$!
{
	archiveVersion = 1;
	classes = {
	};
	objectVersion = 46;
	objects = {

/* Begin PBXBuildFile section */
		4500352E1F14F2B50033985D /* TestForApi.m in Sources */ = {isa = PBXBuildFile; fileRef = 4500352D1F14F2B50033985D /* TestForApi.m */; };
		451BDD601F209BF700103D74 /* WLSpotlight.m in Sources */ = {isa = PBXBuildFile; fileRef = 451BDD5F1F209BF700103D74 /* WLSpotlight.m */; };
		451BDD621F209C1300103D74 /* CoreSpotlight.framework in Frameworks */ = {isa = PBXBuildFile; fileRef = 451BDD611F209C1300103D74 /* CoreSpotlight.framework */; };
		9D5F46A18A7ACEDB9D18A687 /* libPods-LocalDemo.a in Frameworks */ = {isa = PBXBuildFile; fileRef = 41361AFB76452961AFFB66E8 /* libPods-LocalDemo.a */; };
		F815E9921DDEBF3000440340 /* WLUnlockView.m in Sources */ = {isa = PBXBuildFile; fileRef = F815E9911DDEBF3000440340 /* WLUnlockView.m */; };
		F815E9951DDEC07900440340 /* GeneralBaseLogItem.m in Sources */ = {isa = PBXBuildFile; fileRef = F815E9941DDEC07900440340 /* GeneralBaseLogItem.m */; };
		F815E9B51DE306FC00440340 /* UIViewController+WLStatisticalViewController.m in Sources */ = {isa = PBXBuildFile; fileRef = F815E9B41DE306FC00440340 /* UIViewController+WLStatisticalViewController.m */; };
		F815E9B81DE30BBB00440340 /* MethodSwizzleViewController.m in Sources */ = {isa = PBXBuildFile; fileRef = F815E9B71DE30BBB00440340 /* MethodSwizzleViewController.m */; };
		F815E9BB1DE3177500440340 /* NSArray+WLSafeArray.m in Sources */ = {isa = PBXBuildFile; fileRef = F815E9BA1DE3177500440340 /* NSArray+WLSafeArray.m */; };
		F815E9C01DE3EB3000440340 /* SegmentedViewController.m in Sources */ = {isa = PBXBuildFile; fileRef = F815E9BF1DE3EB3000440340 /* SegmentedViewController.m */; };
		F815E9CE1DE3F01A00440340 /* StyleFiveVC.m in Sources */ = {isa = PBXBuildFile; fileRef = F815E9CA1DE3F01A00440340 /* StyleFiveVC.m */; };
		F815E9CF1DE3F01A00440340 /* StyleNineVC.m in Sources */ = {isa = PBXBuildFile; fileRef = F815E9CC1DE3F01A00440340 /* StyleNineVC.m */; };
		F815E9E21DE3F04300440340 /* TestEightVC.m in Sources */ = {isa = PBXBuildFile; fileRef = F815E9D11DE3F04300440340 /* TestEightVC.m */; };
		F815E9E31DE3F04300440340 /* TestFiveVC.m in Sources */ = {isa = PBXBuildFile; fileRef = F815E9D31DE3F04300440340 /* TestFiveVC.m */; };
		F815E9E41DE3F04300440340 /* TestFourVC.m in Sources */ = {isa = PBXBuildFile; fileRef = F815E9D51DE3F04300440340 /* TestFourVC.m */; };
		F815E9E51DE3F04300440340 /* TestNineVC.m in Sources */ = {isa = PBXBuildFile; fileRef = F815E9D71DE3F04300440340 /* TestNineVC.m */; };
		F815E9E61DE3F04300440340 /* TestOneVC.m in Sources */ = {isa = PBXBuildFile; fileRef = F815E9D91DE3F04300440340 /* TestOneVC.m */; };
		F815E9E71DE3F04300440340 /* TestSevenVC.m in Sources */ = {isa = PBXBuildFile; fileRef = F815E9DB1DE3F04300440340 /* TestSevenVC.m */; };
		F815E9E81DE3F04300440340 /* TestSixVC.m in Sources */ = {isa = PBXBuildFile; fileRef = F815E9DD1DE3F04300440340 /* TestSixVC.m */; };
		F815E9E91DE3F04300440340 /* TestThreeVC.m in Sources */ = {isa = PBXBuildFile; fileRef = F815E9DF1DE3F04300440340 /* TestThreeVC.m */; };
		F815E9EA1DE3F04300440340 /* TestTwoVC.m in Sources */ = {isa = PBXBuildFile; fileRef = F815E9E11DE3F04300440340 /* TestTwoVC.m */; };
		F815E9ED1DE3F2D900440340 /* SegmentedControlDefault.m in Sources */ = {isa = PBXBuildFile; fileRef = F815E9EC1DE3F2D900440340 /* SegmentedControlDefault.m */; };
		F815E9F01DE3F3C600440340 /* UIView+WLExtension.m in Sources */ = {isa = PBXBuildFile; fileRef = F815E9EF1DE3F3C600440340 /* UIView+WLExtension.m */; };
		F815EA011DE43B3A00440340 /* SegmentedControlBottomView.m in Sources */ = {isa = PBXBuildFile; fileRef = F815EA001DE43B3A00440340 /* SegmentedControlBottomView.m */; };
		F821A5D21DDD5C0C00785B6D /* main.m in Sources */ = {isa = PBXBuildFile; fileRef = F821A5D11DDD5C0C00785B6D /* main.m */; };
		F821A5D51DDD5C0C00785B6D /* AppDelegate.m in Sources */ = {isa = PBXBuildFile; fileRef = F821A5D41DDD5C0C00785B6D /* AppDelegate.m */; };
		F821A5DB1DDD5C0C00785B6D /* Main.storyboard in Resources */ = {isa = PBXBuildFile; fileRef = F821A5D91DDD5C0C00785B6D /* Main.storyboard */; };
		F821A5DD1DDD5C0C00785B6D /* Assets.xcassets in Resources */ = {isa = PBXBuildFile; fileRef = F821A5DC1DDD5C0C00785B6D /* Assets.xcassets */; };
		F821A5E01DDD5C0C00785B6D /* LaunchScreen.storyboard in Resources */ = {isa = PBXBuildFile; fileRef = F821A5DE1DDD5C0C00785B6D /* LaunchScreen.storyboard */; };
		F821A5EB1DDD5C0C00785B6D /* LocalDemoTests.m in Sources */ = {isa = PBXBuildFile; fileRef = F821A5EA1DDD5C0C00785B6D /* LocalDemoTests.m */; };
		F821A5F61DDD5C0C00785B6D /* LocalDemoUITests.m in Sources */ = {isa = PBXBuildFile; fileRef = F821A5F51DDD5C0C00785B6D /* LocalDemoUITests.m */; };
		F821A6051DDDA0EC00785B6D /* DemoListViewController.m in Sources */ = {isa = PBXBuildFile; fileRef = F821A6041DDDA0EC00785B6D /* DemoListViewController.m */; };
		F821A6091DDDA85400785B6D /* UniqueString.m in Sources */ = {isa = PBXBuildFile; fileRef = F821A6081DDDA85400785B6D /* UniqueString.m */; };
		F821A6101DDDA9EE00785B6D /* GeneralLogViewController.m in Sources */ = {isa = PBXBuildFile; fileRef = F821A60F1DDDA9EE00785B6D /* GeneralLogViewController.m */; };
		F821A61D1DDDDA8A00785B6D /* JSPatchDemoViewController.m in Sources */ = {isa = PBXBuildFile; fileRef = F821A61C1DDDDA8A00785B6D /* JSPatchDemoViewController.m */; };
		F821A6341DDE9DDB00785B6D /* WLCollectionViewController.m in Sources */ = {isa = PBXBuildFile; fileRef = F821A6251DDE9DDB00785B6D /* WLCollectionViewController.m */; };
		F821A6351DDE9DDB00785B6D /* CalenderDataSource.m in Sources */ = {isa = PBXBuildFile; fileRef = F821A6281DDE9DDB00785B6D /* CalenderDataSource.m */; };
		F821A6361DDE9DDB00785B6D /* SampleDayEvent.m in Sources */ = {isa = PBXBuildFile; fileRef = F821A62A1DDE9DDB00785B6D /* SampleDayEvent.m */; };
		F821A6371DDE9DDB00785B6D /* HeaderView.m in Sources */ = {isa = PBXBuildFile; fileRef = F821A62D1DDE9DDB00785B6D /* HeaderView.m */; };
		F821A6381DDE9DDB00785B6D /* WLCollectionViewCell.m in Sources */ = {isa = PBXBuildFile; fileRef = F821A62F1DDE9DDB00785B6D /* WLCollectionViewCell.m */; };
		F821A6391DDE9DDB00785B6D /* WLCollectionViewLayout.m in Sources */ = {isa = PBXBuildFile; fileRef = F821A6311DDE9DDB00785B6D /* WLCollectionViewLayout.m */; };
		F821A63A1DDE9DDB00785B6D /* WLCollectioView.m in Sources */ = {isa = PBXBuildFile; fileRef = F821A6331DDE9DDB00785B6D /* WLCollectioView.m */; };
		F82D662C1DF6CBE4003FAD68 /* WeiboSDK.bundle in Resources */ = {isa = PBXBuildFile; fileRef = F82D662B1DF6CBE4003FAD68 /* WeiboSDK.bundle */; };
		F83701391DED3141007A5F17 /* AssetsViewController.m in Sources */ = {isa = PBXBuildFile; fileRef = F83701371DED3141007A5F17 /* AssetsViewController.m */; };
		F837013A1DED3141007A5F17 /* Media.xcassets in Resources */ = {isa = PBXBuildFile; fileRef = F83701381DED3141007A5F17 /* Media.xcassets */; };
		F837015A1DED51F3007A5F17 /* Ass.xcassets in Resources */ = {isa = PBXBuildFile; fileRef = F83701591DED51F3007A5F17 /* Ass.xcassets */; };
		F837018F1DEFC8C6007A5F17 /* WLRefreshViewController.m in Sources */ = {isa = PBXBuildFile; fileRef = F837018E1DEFC8C6007A5F17 /* WLRefreshViewController.m */; };
		F83701921DF1518F007A5F17 /* WLRefreshView.m in Sources */ = {isa = PBXBuildFile; fileRef = F83701911DF1518E007A5F17 /* WLRefreshView.m */; };
		F842346F1DE70B0C003F5315 /* UIWindow+Extension.m in Sources */ = {isa = PBXBuildFile; fileRef = F842346E1DE70B0C003F5315 /* UIWindow+Extension.m */; };
		F84234741DE7DCEC003F5315 /* KVOModel.m in Sources */ = {isa = PBXBuildFile; fileRef = F84234731DE7DCEC003F5315 /* KVOModel.m */; };
		F84234781DE81823003F5315 /* PropertyRefreshViewController.m in Sources */ = {isa = PBXBuildFile; fileRef = F84234771DE81823003F5315 /* PropertyRefreshViewController.m */; };
/* End PBXBuildFile section */

/* Begin PBXContainerItemProxy section */
		F821A5E71DDD5C0C00785B6D /* PBXContainerItemProxy */ = {
			isa = PBXContainerItemProxy;
			containerPortal = F821A5C51DDD5C0C00785B6D /* Project object */;
			proxyType = 1;
			remoteGlobalIDString = F821A5CC1DDD5C0C00785B6D;
			remoteInfo = LocalDemo;
		};
		F821A5F21DDD5C0C00785B6D /* PBXContainerItemProxy */ = {
			isa = PBXContainerItemProxy;
			containerPortal = F821A5C51DDD5C0C00785B6D /* Project object */;
			proxyType = 1;
			remoteGlobalIDString = F821A5CC1DDD5C0C00785B6D;
			remoteInfo = LocalDemo;
		};
/* End PBXContainerItemProxy section */

/* Begin PBXFileReference section */
		408029C9342F6538B4AF7D12 /* Pods-LocalDemo.release.xcconfig */ = {isa = PBXFileReference; includeInIndex = 1; lastKnownFileType = text.xcconfig; name = "Pods-LocalDemo.release.xcconfig"; path = "Pods/Target Support Files/Pods-LocalDemo/Pods-LocalDemo.release.xcconfig"; sourceTree = "<group>"; };
		41361AFB76452961AFFB66E8 /* libPods-LocalDemo.a */ = {isa = PBXFileReference; explicitFileType = archive.ar; includeInIndex = 0; path = "libPods-LocalDemo.a"; sourceTree = BUILT_PRODUCTS_DIR; };
		4500352C1F14F2B50033985D /* TestForApi.h */ = {isa = PBXFileReference; fileEncoding = 4; lastKnownFileType = sourcecode.c.h; path = TestForApi.h; sourceTree = "<group>"; };
		4500352D1F14F2B50033985D /* TestForApi.m */ = {isa = PBXFileReference; fileEncoding = 4; lastKnownFileType = sourcecode.c.objc; path = TestForApi.m; sourceTree = "<group>"; };
		451BDD5E1F209BF700103D74 /* WLSpotlight.h */ = {isa = PBXFileReference; fileEncoding = 4; lastKnownFileType = sourcecode.c.h; path = WLSpotlight.h; sourceTree = "<group>"; };
		451BDD5F1F209BF700103D74 /* WLSpotlight.m */ = {isa = PBXFileReference; fileEncoding = 4; lastKnownFileType = sourcecode.c.objc; path = WLSpotlight.m; sourceTree = "<group>"; };
		451BDD611F209C1300103D74 /* CoreSpotlight.framework */ = {isa = PBXFileReference; lastKnownFileType = wrapper.framework; name = CoreSpotlight.framework; path = System/Library/Frameworks/CoreSpotlight.framework; sourceTree = SDKROOT; };
		8BFCBC1788C2D632F293587D /* Pods-LocalDemo.debug.xcconfig */ = {isa = PBXFileReference; includeInIndex = 1; lastKnownFileType = text.xcconfig; name = "Pods-LocalDemo.debug.xcconfig"; path = "Pods/Target Support Files/Pods-LocalDemo/Pods-LocalDemo.debug.xcconfig"; sourceTree = "<group>"; };
		F815E9901DDEBF3000440340 /* WLUnlockView.h */ = {isa = PBXFileReference; fileEncoding = 4; lastKnownFileType = sourcecode.c.h; path = WLUnlockView.h; sourceTree = "<group>"; };
		F815E9911DDEBF3000440340 /* WLUnlockView.m */ = {isa = PBXFileReference; fileEncoding = 4; lastKnownFileType = sourcecode.c.objc; path = WLUnlockView.m; sourceTree = "<group>"; };
		F815E9931DDEC07900440340 /* GeneralBaseLogItem.h */ = {isa = PBXFileReference; fileEncoding = 4; lastKnownFileType = sourcecode.c.h; path = GeneralBaseLogItem.h; sourceTree = "<group>"; };
		F815E9941DDEC07900440340 /* GeneralBaseLogItem.m */ = {isa = PBXFileReference; fileEncoding = 4; lastKnownFileType = sourcecode.c.objc; path = GeneralBaseLogItem.m; sourceTree = "<group>"; };
		F815E9B31DE306FC00440340 /* UIViewController+WLStatisticalViewController.h */ = {isa = PBXFileReference; fileEncoding = 4; lastKnownFileType = sourcecode.c.h; path = "UIViewController+WLStatisticalViewController.h"; sourceTree = "<group>"; };
		F815E9B41DE306FC00440340 /* UIViewController+WLStatisticalViewController.m */ = {isa = PBXFileReference; fileEncoding = 4; lastKnownFileType = sourcecode.c.objc; path = "UIViewController+WLStatisticalViewController.m"; sourceTree = "<group>"; };
		F815E9B61DE30BBB00440340 /* MethodSwizzleViewController.h */ = {isa = PBXFileReference; fileEncoding = 4; lastKnownFileType = sourcecode.c.h; path = MethodSwizzleViewController.h; sourceTree = "<group>"; };
		F815E9B71DE30BBB00440340 /* MethodSwizzleViewController.m */ = {isa = PBXFileReference; fileEncoding = 4; lastKnownFileType = sourcecode.c.objc; path = MethodSwizzleViewController.m; sourceTree = "<group>"; };
		F815E9B91DE3177500440340 /* NSArray+WLSafeArray.h */ = {isa = PBXFileReference; fileEncoding = 4; lastKnownFileType = sourcecode.c.h; path = "NSArray+WLSafeArray.h"; sourceTree = "<group>"; };
		F815E9BA1DE3177500440340 /* NSArray+WLSafeArray.m */ = {isa = PBXFileReference; fileEncoding = 4; lastKnownFileType = sourcecode.c.objc; path = "NSArray+WLSafeArray.m"; sourceTree = "<group>"; };
		F815E9BE1DE3EB3000440340 /* SegmentedViewController.h */ = {isa = PBXFileReference; fileEncoding = 4; lastKnownFileType = sourcecode.c.h; path = SegmentedViewController.h; sourceTree = "<group>"; };
		F815E9BF1DE3EB3000440340 /* SegmentedViewController.m */ = {isa = PBXFileReference; fileEncoding = 4; lastKnownFileType = sourcecode.c.objc; path = SegmentedViewController.m; sourceTree = "<group>"; };
		F815E9C91DE3F01A00440340 /* StyleFiveVC.h */ = {isa = PBXFileReference; fileEncoding = 4; lastKnownFileType = sourcecode.c.h; path = StyleFiveVC.h; sourceTree = "<group>"; };
		F815E9CA1DE3F01A00440340 /* StyleFiveVC.m */ = {isa = PBXFileReference; fileEncoding = 4; lastKnownFileType = sourcecode.c.objc; path = StyleFiveVC.m; sourceTree = "<group>"; };
		F815E9CB1DE3F01A00440340 /* StyleNineVC.h */ = {isa = PBXFileReference; fileEncoding = 4; lastKnownFileType = sourcecode.c.h; path = StyleNineVC.h; sourceTree = "<group>"; };
		F815E9CC1DE3F01A00440340 /* StyleNineVC.m */ = {isa = PBXFileReference; fileEncoding = 4; lastKnownFileType = sourcecode.c.objc; path = StyleNineVC.m; sourceTree = "<group>"; };
		F815E9D01DE3F04300440340 /* TestEightVC.h */ = {isa = PBXFileReference; fileEncoding = 4; lastKnownFileType = sourcecode.c.h; path = TestEightVC.h; sourceTree = "<group>"; };
		F815E9D11DE3F04300440340 /* TestEightVC.m */ = {isa = PBXFileReference; fileEncoding = 4; lastKnownFileType = sourcecode.c.objc; path = TestEightVC.m; sourceTree = "<group>"; };
		F815E9D21DE3F04300440340 /* TestFiveVC.h */ = {isa = PBXFileReference; fileEncoding = 4; lastKnownFileType = sourcecode.c.h; path = TestFiveVC.h; sourceTree = "<group>"; };
		F815E9D31DE3F04300440340 /* TestFiveVC.m */ = {isa = PBXFileReference; fileEncoding = 4; lastKnownFileType = sourcecode.c.objc; path = TestFiveVC.m; sourceTree = "<group>"; };
		F815E9D41DE3F04300440340 /* TestFourVC.h */ = {isa = PBXFileReference; fileEncoding = 4; lastKnownFileType = sourcecode.c.h; path = TestFourVC.h; sourceTree = "<group>"; };
		F815E9D51DE3F04300440340 /* TestFourVC.m */ = {isa = PBXFileReference; fileEncoding = 4; lastKnownFileType = sourcecode.c.objc; path = TestFourVC.m; sourceTree = "<group>"; };
		F815E9D61DE3F04300440340 /* TestNineVC.h */ = {isa = PBXFileReference; fileEncoding = 4; lastKnownFileType = sourcecode.c.h; path = TestNineVC.h; sourceTree = "<group>"; };
		F815E9D71DE3F04300440340 /* TestNineVC.m */ = {isa = PBXFileReference; fileEncoding = 4; lastKnownFileType = sourcecode.c.objc; path = TestNineVC.m; sourceTree = "<group>"; };
		F815E9D81DE3F04300440340 /* TestOneVC.h */ = {isa = PBXFileReference; fileEncoding = 4; lastKnownFileType = sourcecode.c.h; path = TestOneVC.h; sourceTree = "<group>"; };
		F815E9D91DE3F04300440340 /* TestOneVC.m */ = {isa = PBXFileReference; fileEncoding = 4; lastKnownFileType = sourcecode.c.objc; path = TestOneVC.m; sourceTree = "<group>"; };
		F815E9DA1DE3F04300440340 /* TestSevenVC.h */ = {isa = PBXFileReference; fileEncoding = 4; lastKnownFileType = sourcecode.c.h; path = TestSevenVC.h; sourceTree = "<group>"; };
		F815E9DB1DE3F04300440340 /* TestSevenVC.m */ = {isa = PBXFileReference; fileEncoding = 4; lastKnownFileType = sourcecode.c.objc; path = TestSevenVC.m; sourceTree = "<group>"; };
		F815E9DC1DE3F04300440340 /* TestSixVC.h */ = {isa = PBXFileReference; fileEncoding = 4; lastKnownFileType = sourcecode.c.h; path = TestSixVC.h; sourceTree = "<group>"; };
		F815E9DD1DE3F04300440340 /* TestSixVC.m */ = {isa = PBXFileReference; fileEncoding = 4; lastKnownFileType = sourcecode.c.objc; path = TestSixVC.m; sourceTree = "<group>"; };
		F815E9DE1DE3F04300440340 /* TestThreeVC.h */ = {isa = PBXFileReference; fileEncoding = 4; lastKnownFileType = sourcecode.c.h; path = TestThreeVC.h; sourceTree = "<group>"; };
		F815E9DF1DE3F04300440340 /* TestThreeVC.m */ = {isa = PBXFileReference; fileEncoding = 4; lastKnownFileType = sourcecode.c.objc; path = TestThreeVC.m; sourceTree = "<group>"; };
		F815E9E01DE3F04300440340 /* TestTwoVC.h */ = {isa = PBXFileReference; fileEncoding = 4; lastKnownFileType = sourcecode.c.h; path = TestTwoVC.h; sourceTree = "<group>"; };
		F815E9E11DE3F04300440340 /* TestTwoVC.m */ = {isa = PBXFileReference; fileEncoding = 4; lastKnownFileType = sourcecode.c.objc; path = TestTwoVC.m; sourceTree = "<group>"; };
		F815E9EB1DE3F2D900440340 /* SegmentedControlDefault.h */ = {isa = PBXFileReference; fileEncoding = 4; lastKnownFileType = sourcecode.c.h; path = SegmentedControlDefault.h; sourceTree = "<group>"; };
		F815E9EC1DE3F2D900440340 /* SegmentedControlDefault.m */ = {isa = PBXFileReference; fileEncoding = 4; lastKnownFileType = sourcecode.c.objc; path = SegmentedControlDefault.m; sourceTree = "<group>"; };
		F815E9EE1DE3F3C600440340 /* UIView+WLExtension.h */ = {isa = PBXFileReference; fileEncoding = 4; lastKnownFileType = sourcecode.c.h; path = "UIView+WLExtension.h"; sourceTree = "<group>"; };
		F815E9EF1DE3F3C600440340 /* UIView+WLExtension.m */ = {isa = PBXFileReference; fileEncoding = 4; lastKnownFileType = sourcecode.c.objc; path = "UIView+WLExtension.m"; sourceTree = "<group>"; };
		F815E9FF1DE43B3A00440340 /* SegmentedControlBottomView.h */ = {isa = PBXFileReference; fileEncoding = 4; lastKnownFileType = sourcecode.c.h; path = SegmentedControlBottomView.h; sourceTree = "<group>"; };
		F815EA001DE43B3A00440340 /* SegmentedControlBottomView.m */ = {isa = PBXFileReference; fileEncoding = 4; lastKnownFileType = sourcecode.c.objc; path = SegmentedControlBottomView.m; sourceTree = "<group>"; };
		F821A5CD1DDD5C0C00785B6D /* LocalDemo.app */ = {isa = PBXFileReference; explicitFileType = wrapper.application; includeInIndex = 0; path = LocalDemo.app; sourceTree = BUILT_PRODUCTS_DIR; };
		F821A5D11DDD5C0C00785B6D /* main.m */ = {isa = PBXFileReference; lastKnownFileType = sourcecode.c.objc; path = main.m; sourceTree = "<group>"; };
		F821A5D31DDD5C0C00785B6D /* AppDelegate.h */ = {isa = PBXFileReference; lastKnownFileType = sourcecode.c.h; path = AppDelegate.h; sourceTree = "<group>"; };
		F821A5D41DDD5C0C00785B6D /* AppDelegate.m */ = {isa = PBXFileReference; lastKnownFileType = sourcecode.c.objc; path = AppDelegate.m; sourceTree = "<group>"; };
		F821A5DA1DDD5C0C00785B6D /* Base */ = {isa = PBXFileReference; lastKnownFileType = file.storyboard; name = Base; path = Base.lproj/Main.storyboard; sourceTree = "<group>"; };
		F821A5DC1DDD5C0C00785B6D /* Assets.xcassets */ = {isa = PBXFileReference; lastKnownFileType = folder.assetcatalog; path = Assets.xcassets; sourceTree = "<group>"; };
		F821A5DF1DDD5C0C00785B6D /* Base */ = {isa = PBXFileReference; lastKnownFileType = file.storyboard; name = Base; path = Base.lproj/LaunchScreen.storyboard; sourceTree = "<group>"; };
		F821A5E11DDD5C0C00785B6D /* Info.plist */ = {isa = PBXFileReference; lastKnownFileType = text.plist.xml; path = Info.plist; sourceTree = "<group>"; };
		F821A5E61DDD5C0C00785B6D /* LocalDemoTests.xctest */ = {isa = PBXFileReference; explicitFileType = wrapper.cfbundle; includeInIndex = 0; path = LocalDemoTests.xctest; sourceTree = BUILT_PRODUCTS_DIR; };
		F821A5EA1DDD5C0C00785B6D /* LocalDemoTests.m */ = {isa = PBXFileReference; lastKnownFileType = sourcecode.c.objc; path = LocalDemoTests.m; sourceTree = "<group>"; };
		F821A5EC1DDD5C0C00785B6D /* Info.plist */ = {isa = PBXFileReference; lastKnownFileType = text.plist.xml; path = Info.plist; sourceTree = "<group>"; };
		F821A5F11DDD5C0C00785B6D /* LocalDemoUITests.xctest */ = {isa = PBXFileReference; explicitFileType = wrapper.cfbundle; includeInIndex = 0; path = LocalDemoUITests.xctest; sourceTree = BUILT_PRODUCTS_DIR; };
		F821A5F51DDD5C0C00785B6D /* LocalDemoUITests.m */ = {isa = PBXFileReference; lastKnownFileType = sourcecode.c.objc; path = LocalDemoUITests.m; sourceTree = "<group>"; };
		F821A5F71DDD5C0C00785B6D /* Info.plist */ = {isa = PBXFileReference; lastKnownFileType = text.plist.xml; path = Info.plist; sourceTree = "<group>"; };
		F821A6031DDDA0EC00785B6D /* DemoListViewController.h */ = {isa = PBXFileReference; fileEncoding = 4; lastKnownFileType = sourcecode.c.h; path = DemoListViewController.h; sourceTree = "<group>"; };
		F821A6041DDDA0EC00785B6D /* DemoListViewController.m */ = {isa = PBXFileReference; fileEncoding = 4; lastKnownFileType = sourcecode.c.objc; path = DemoListViewController.m; sourceTree = "<group>"; };
		F821A6071DDDA85400785B6D /* UniqueString.h */ = {isa = PBXFileReference; fileEncoding = 4; lastKnownFileType = sourcecode.c.h; path = UniqueString.h; sourceTree = "<group>"; };
		F821A6081DDDA85400785B6D /* UniqueString.m */ = {isa = PBXFileReference; fileEncoding = 4; lastKnownFileType = sourcecode.c.objc; path = UniqueString.m; sourceTree = "<group>"; };
		F821A60E1DDDA9EE00785B6D /* GeneralLogViewController.h */ = {isa = PBXFileReference; fileEncoding = 4; lastKnownFileType = sourcecode.c.h; path = GeneralLogViewController.h; sourceTree = "<group>"; };
		F821A60F1DDDA9EE00785B6D /* GeneralLogViewController.m */ = {isa = PBXFileReference; fileEncoding = 4; lastKnownFileType = sourcecode.c.objc; path = GeneralLogViewController.m; sourceTree = "<group>"; };
		F821A61B1DDDDA8A00785B6D /* JSPatchDemoViewController.h */ = {isa = PBXFileReference; fileEncoding = 4; lastKnownFileType = sourcecode.c.h; name = JSPatchDemoViewController.h; path = JSpatchDemo/JSPatchDemoViewController.h; sourceTree = "<group>"; };
		F821A61C1DDDDA8A00785B6D /* JSPatchDemoViewController.m */ = {isa = PBXFileReference; fileEncoding = 4; lastKnownFileType = sourcecode.c.objc; name = JSPatchDemoViewController.m; path = JSpatchDemo/JSPatchDemoViewController.m; sourceTree = "<group>"; };
		F821A61E1DDDDEB300785B6D /* LocalDemo.entitlements */ = {isa = PBXFileReference; lastKnownFileType = text.plist.entitlements; path = LocalDemo.entitlements; sourceTree = "<group>"; };
		F821A6221DDE9DDB00785B6D /* CalenderEvent.h */ = {isa = PBXFileReference; fileEncoding = 4; lastKnownFileType = sourcecode.c.h; path = CalenderEvent.h; sourceTree = "<group>"; };
		F821A6241DDE9DDB00785B6D /* WLCollectionViewController.h */ = {isa = PBXFileReference; fileEncoding = 4; lastKnownFileType = sourcecode.c.h; path = WLCollectionViewController.h; sourceTree = "<group>"; };
		F821A6251DDE9DDB00785B6D /* WLCollectionViewController.m */ = {isa = PBXFileReference; fileEncoding = 4; lastKnownFileType = sourcecode.c.objc; path = WLCollectionViewController.m; sourceTree = "<group>"; };
		F821A6271DDE9DDB00785B6D /* CalenderDataSource.h */ = {isa = PBXFileReference; fileEncoding = 4; lastKnownFileType = sourcecode.c.h; path = CalenderDataSource.h; sourceTree = "<group>"; };
		F821A6281DDE9DDB00785B6D /* CalenderDataSource.m */ = {isa = PBXFileReference; fileEncoding = 4; lastKnownFileType = sourcecode.c.objc; path = CalenderDataSource.m; sourceTree = "<group>"; };
		F821A6291DDE9DDB00785B6D /* SampleDayEvent.h */ = {isa = PBXFileReference; fileEncoding = 4; lastKnownFileType = sourcecode.c.h; path = SampleDayEvent.h; sourceTree = "<group>"; };
		F821A62A1DDE9DDB00785B6D /* SampleDayEvent.m */ = {isa = PBXFileReference; fileEncoding = 4; lastKnownFileType = sourcecode.c.objc; path = SampleDayEvent.m; sourceTree = "<group>"; };
		F821A62C1DDE9DDB00785B6D /* HeaderView.h */ = {isa = PBXFileReference; fileEncoding = 4; lastKnownFileType = sourcecode.c.h; path = HeaderView.h; sourceTree = "<group>"; };
		F821A62D1DDE9DDB00785B6D /* HeaderView.m */ = {isa = PBXFileReference; fileEncoding = 4; lastKnownFileType = sourcecode.c.objc; path = HeaderView.m; sourceTree = "<group>"; };
		F821A62E1DDE9DDB00785B6D /* WLCollectionViewCell.h */ = {isa = PBXFileReference; fileEncoding = 4; lastKnownFileType = sourcecode.c.h; path = WLCollectionViewCell.h; sourceTree = "<group>"; };
		F821A62F1DDE9DDB00785B6D /* WLCollectionViewCell.m */ = {isa = PBXFileReference; fileEncoding = 4; lastKnownFileType = sourcecode.c.objc; path = WLCollectionViewCell.m; sourceTree = "<group>"; };
		F821A6301DDE9DDB00785B6D /* WLCollectionViewLayout.h */ = {isa = PBXFileReference; fileEncoding = 4; lastKnownFileType = sourcecode.c.h; path = WLCollectionViewLayout.h; sourceTree = "<group>"; };
		F821A6311DDE9DDB00785B6D /* WLCollectionViewLayout.m */ = {isa = PBXFileReference; fileEncoding = 4; lastKnownFileType = sourcecode.c.objc; path = WLCollectionViewLayout.m; sourceTree = "<group>"; };
		F821A6321DDE9DDB00785B6D /* WLCollectioView.h */ = {isa = PBXFileReference; fileEncoding = 4; lastKnownFileType = sourcecode.c.h; path = WLCollectioView.h; sourceTree = "<group>"; };
		F821A6331DDE9DDB00785B6D /* WLCollectioView.m */ = {isa = PBXFileReference; fileEncoding = 4; lastKnownFileType = sourcecode.c.objc; path = WLCollectioView.m; sourceTree = "<group>"; };
		F82D662B1DF6CBE4003FAD68 /* WeiboSDK.bundle */ = {isa = PBXFileReference; lastKnownFileType = "wrapper.plug-in"; name = WeiboSDK.bundle; path = LocalDemo/WeiboSDK.bundle; sourceTree = SOURCE_ROOT; };
		F83701361DED3141007A5F17 /* AssetsViewController.h */ = {isa = PBXFileReference; fileEncoding = 4; lastKnownFileType = sourcecode.c.h; path = AssetsViewController.h; sourceTree = "<group>"; };
		F83701371DED3141007A5F17 /* AssetsViewController.m */ = {isa = PBXFileReference; fileEncoding = 4; lastKnownFileType = sourcecode.c.objc; path = AssetsViewController.m; sourceTree = "<group>"; };
		F83701381DED3141007A5F17 /* Media.xcassets */ = {isa = PBXFileReference; lastKnownFileType = folder.assetcatalog; path = Media.xcassets; sourceTree = "<group>"; };
		F83701591DED51F3007A5F17 /* Ass.xcassets */ = {isa = PBXFileReference; lastKnownFileType = folder.assetcatalog; path = Ass.xcassets; sourceTree = "<group>"; };
		F837018D1DEFC8C6007A5F17 /* WLRefreshViewController.h */ = {isa = PBXFileReference; fileEncoding = 4; lastKnownFileType = sourcecode.c.h; path = WLRefreshViewController.h; sourceTree = "<group>"; };
		F837018E1DEFC8C6007A5F17 /* WLRefreshViewController.m */ = {isa = PBXFileReference; fileEncoding = 4; lastKnownFileType = sourcecode.c.objc; path = WLRefreshViewController.m; sourceTree = "<group>"; };
		F83701901DF1518E007A5F17 /* WLRefreshView.h */ = {isa = PBXFileReference; fileEncoding = 4; lastKnownFileType = sourcecode.c.h; path = WLRefreshView.h; sourceTree = "<group>"; };
		F83701911DF1518E007A5F17 /* WLRefreshView.m */ = {isa = PBXFileReference; fileEncoding = 4; lastKnownFileType = sourcecode.c.objc; path = WLRefreshView.m; sourceTree = "<group>"; };
		F842346D1DE70B0C003F5315 /* UIWindow+Extension.h */ = {isa = PBXFileReference; fileEncoding = 4; lastKnownFileType = sourcecode.c.h; path = "UIWindow+Extension.h"; sourceTree = "<group>"; };
		F842346E1DE70B0C003F5315 /* UIWindow+Extension.m */ = {isa = PBXFileReference; fileEncoding = 4; lastKnownFileType = sourcecode.c.objc; path = "UIWindow+Extension.m"; sourceTree = "<group>"; };
		F84234721DE7DCEC003F5315 /* KVOModel.h */ = {isa = PBXFileReference; fileEncoding = 4; lastKnownFileType = sourcecode.c.h; path = KVOModel.h; sourceTree = "<group>"; };
		F84234731DE7DCEC003F5315 /* KVOModel.m */ = {isa = PBXFileReference; fileEncoding = 4; lastKnownFileType = sourcecode.c.objc; path = KVOModel.m; sourceTree = "<group>"; };
		F84234761DE81823003F5315 /* PropertyRefreshViewController.h */ = {isa = PBXFileReference; fileEncoding = 4; lastKnownFileType = sourcecode.c.h; path = PropertyRefreshViewController.h; sourceTree = "<group>"; };
		F84234771DE81823003F5315 /* PropertyRefreshViewController.m */ = {isa = PBXFileReference; fileEncoding = 4; lastKnownFileType = sourcecode.c.objc; path = PropertyRefreshViewController.m; sourceTree = "<group>"; };
/* End PBXFileReference section */

/* Begin PBXFrameworksBuildPhase section */
		F821A5CA1DDD5C0C00785B6D /* Frameworks */ = {
			isa = PBXFrameworksBuildPhase;
			buildActionMask = 2147483647;
			files = (
				451BDD621F209C1300103D74 /* CoreSpotlight.framework in Frameworks */,
				9D5F46A18A7ACEDB9D18A687 /* libPods-LocalDemo.a in Frameworks */,
			);
			runOnlyForDeploymentPostprocessing = 0;
		};
		F821A5E31DDD5C0C00785B6D /* Frameworks */ = {
			isa = PBXFrameworksBuildPhase;
			buildActionMask = 2147483647;
			files = (
			);
			runOnlyForDeploymentPostprocessing = 0;
		};
		F821A5EE1DDD5C0C00785B6D /* Frameworks */ = {
			isa = PBXFrameworksBuildPhase;
			buildActionMask = 2147483647;
			files = (
			);
			runOnlyForDeploymentPostprocessing = 0;
		};
/* End PBXFrameworksBuildPhase section */

/* Begin PBXGroup section */
		2D2EEEAC18592E1A31EE9877 /* Pods */ = {
			isa = PBXGroup;
			children = (
				8BFCBC1788C2D632F293587D /* Pods-LocalDemo.debug.xcconfig */,
				408029C9342F6538B4AF7D12 /* Pods-LocalDemo.release.xcconfig */,
			);
			name = Pods;
			sourceTree = "<group>";
		};
		4500352B1F14F27F0033985D /* 测试API类 */ = {
			isa = PBXGroup;
			children = (
				4500352C1F14F2B50033985D /* TestForApi.h */,
				4500352D1F14F2B50033985D /* TestForApi.m */,
			);
			path = "测试API类";
			sourceTree = "<group>";
		};
		451BDD5D1F209B9600103D74 /* spotlight实战 */ = {
			isa = PBXGroup;
			children = (
				451BDD5E1F209BF700103D74 /* WLSpotlight.h */,
				451BDD5F1F209BF700103D74 /* WLSpotlight.m */,
			);
			path = "spotlight实战";
			sourceTree = "<group>";
		};
		F3532B110681DD2DF4E5FE3E /* Frameworks */ = {
			isa = PBXGroup;
			children = (
				451BDD611F209C1300103D74 /* CoreSpotlight.framework */,
				41361AFB76452961AFFB66E8 /* libPods-LocalDemo.a */,
			);
			name = Frameworks;
			sourceTree = "<group>";
		};
		F815E98F1DDEBE9E00440340 /* UnlockView(手势解锁)实战 */ = {
			isa = PBXGroup;
			children = (
				F815E9901DDEBF3000440340 /* WLUnlockView.h */,
				F815E9911DDEBF3000440340 /* WLUnlockView.m */,
			);
			path = "UnlockView(手势解锁)实战";
			sourceTree = "<group>";
		};
		F815E9961DDEC38200440340 /* 生成唯一字符串 */ = {
			isa = PBXGroup;
			children = (
				F821A6071DDDA85400785B6D /* UniqueString.h */,
				F821A6081DDDA85400785B6D /* UniqueString.m */,
			);
			name = "生成唯一字符串";
			sourceTree = "<group>";
		};
		F815E9AF1DE3063700440340 /* MethodSwizzing实战 */ = {
			isa = PBXGroup;
			children = (
				F815E9B31DE306FC00440340 /* UIViewController+WLStatisticalViewController.h */,
				F815E9B41DE306FC00440340 /* UIViewController+WLStatisticalViewController.m */,
				F815E9B61DE30BBB00440340 /* MethodSwizzleViewController.h */,
				F815E9B71DE30BBB00440340 /* MethodSwizzleViewController.m */,
				F815E9B91DE3177500440340 /* NSArray+WLSafeArray.h */,
				F815E9BA1DE3177500440340 /* NSArray+WLSafeArray.m */,
			);
			path = "MethodSwizzing实战";
			sourceTree = "<group>";
		};
		F815E9BC1DE3EAD700440340 /* SegmentedControl实战 */ = {
			isa = PBXGroup;
			children = (
				F815E9C81DE3F01A00440340 /* CellVC */,
				F815E9CD1DE3F01A00440340 /* ChildVC */,
				F815E9BD1DE3EB0800440340 /* control */,
				F815E9BE1DE3EB3000440340 /* SegmentedViewController.h */,
				F815E9BF1DE3EB3000440340 /* SegmentedViewController.m */,
			);
			path = "SegmentedControl实战";
			sourceTree = "<group>";
		};
		F815E9BD1DE3EB0800440340 /* control */ = {
			isa = PBXGroup;
			children = (
				F815E9EB1DE3F2D900440340 /* SegmentedControlDefault.h */,
				F815E9EC1DE3F2D900440340 /* SegmentedControlDefault.m */,
				F815E9FF1DE43B3A00440340 /* SegmentedControlBottomView.h */,
				F815EA001DE43B3A00440340 /* SegmentedControlBottomView.m */,
			);
			path = control;
			sourceTree = "<group>";
		};
		F815E9C81DE3F01A00440340 /* CellVC */ = {
			isa = PBXGroup;
			children = (
				F815E9C91DE3F01A00440340 /* StyleFiveVC.h */,
				F815E9CA1DE3F01A00440340 /* StyleFiveVC.m */,
				F815E9CB1DE3F01A00440340 /* StyleNineVC.h */,
				F815E9CC1DE3F01A00440340 /* StyleNineVC.m */,
			);
			path = CellVC;
			sourceTree = "<group>";
		};
		F815E9CD1DE3F01A00440340 /* ChildVC */ = {
			isa = PBXGroup;
			children = (
				F815E9D01DE3F04300440340 /* TestEightVC.h */,
				F815E9D11DE3F04300440340 /* TestEightVC.m */,
				F815E9D21DE3F04300440340 /* TestFiveVC.h */,
				F815E9D31DE3F04300440340 /* TestFiveVC.m */,
				F815E9D41DE3F04300440340 /* TestFourVC.h */,
				F815E9D51DE3F04300440340 /* TestFourVC.m */,
				F815E9D61DE3F04300440340 /* TestNineVC.h */,
				F815E9D71DE3F04300440340 /* TestNineVC.m */,
				F815E9D81DE3F04300440340 /* TestOneVC.h */,
				F815E9D91DE3F04300440340 /* TestOneVC.m */,
				F815E9DA1DE3F04300440340 /* TestSevenVC.h */,
				F815E9DB1DE3F04300440340 /* TestSevenVC.m */,
				F815E9DC1DE3F04300440340 /* TestSixVC.h */,
				F815E9DD1DE3F04300440340 /* TestSixVC.m */,
				F815E9DE1DE3F04300440340 /* TestThreeVC.h */,
				F815E9DF1DE3F04300440340 /* TestThreeVC.m */,
				F815E9E01DE3F04300440340 /* TestTwoVC.h */,
				F815E9E11DE3F04300440340 /* TestTwoVC.m */,
			);
			path = ChildVC;
			sourceTree = "<group>";
		};
		F821A5C41DDD5C0C00785B6D = {
			isa = PBXGroup;
			children = (
				F821A5CF1DDD5C0C00785B6D /* LocalDemo */,
				F821A5E91DDD5C0C00785B6D /* LocalDemoTests */,
				F821A5F41DDD5C0C00785B6D /* LocalDemoUITests */,
				F821A5CE1DDD5C0C00785B6D /* Products */,
				2D2EEEAC18592E1A31EE9877 /* Pods */,
				F3532B110681DD2DF4E5FE3E /* Frameworks */,
			);
			sourceTree = "<group>";
		};
		F821A5CE1DDD5C0C00785B6D /* Products */ = {
			isa = PBXGroup;
			children = (
				F821A5CD1DDD5C0C00785B6D /* LocalDemo.app */,
				F821A5E61DDD5C0C00785B6D /* LocalDemoTests.xctest */,
				F821A5F11DDD5C0C00785B6D /* LocalDemoUITests.xctest */,
			);
			name = Products;
			sourceTree = "<group>";
		};
		F821A5CF1DDD5C0C00785B6D /* LocalDemo */ = {
			isa = PBXGroup;
			children = (
				F821A61E1DDDDEB300785B6D /* LocalDemo.entitlements */,
				F821A5D31DDD5C0C00785B6D /* AppDelegate.h */,
				F821A5D41DDD5C0C00785B6D /* AppDelegate.m */,
				F821A6031DDDA0EC00785B6D /* DemoListViewController.h */,
				F821A6041DDDA0EC00785B6D /* DemoListViewController.m */,
				F821A5E11DDD5C0C00785B6D /* Info.plist */,
				F821A60A1DDDA8E200785B6D /* Utils */,
				F821A6061DDDA81600785B6D /* DetailDemo */,
				F821A5D01DDD5C0C00785B6D /* Supporting Files */,
			);
			path = LocalDemo;
			sourceTree = "<group>";
		};
		F821A5D01DDD5C0C00785B6D /* Supporting Files */ = {
			isa = PBXGroup;
			children = (
				F821A5DC1DDD5C0C00785B6D /* Assets.xcassets */,
				F821A5DE1DDD5C0C00785B6D /* LaunchScreen.storyboard */,
				F821A5D91DDD5C0C00785B6D /* Main.storyboard */,
				F821A5D11DDD5C0C00785B6D /* main.m */,
			);
			name = "Supporting Files";
			sourceTree = "<group>";
		};
		F821A5E91DDD5C0C00785B6D /* LocalDemoTests */ = {
			isa = PBXGroup;
			children = (
				F821A5EA1DDD5C0C00785B6D /* LocalDemoTests.m */,
				F821A5EC1DDD5C0C00785B6D /* Info.plist */,
			);
			path = LocalDemoTests;
			sourceTree = "<group>";
		};
		F821A5F41DDD5C0C00785B6D /* LocalDemoUITests */ = {
			isa = PBXGroup;
			children = (
				F821A5F51DDD5C0C00785B6D /* LocalDemoUITests.m */,
				F821A5F71DDD5C0C00785B6D /* Info.plist */,
			);
			path = LocalDemoUITests;
			sourceTree = "<group>";
		};
		F821A6061DDDA81600785B6D /* DetailDemo */ = {
			isa = PBXGroup;
			children = (
				F837015E1DED6247007A5F17 /* ____需要push类____ */,
				F837015D1DED622E007A5F17 /* ____log信息类____ */,
			);
			path = DetailDemo;
			sourceTree = "<group>";
		};
		F821A60A1DDDA8E200785B6D /* Utils */ = {
			isa = PBXGroup;
			children = (
				F821A60E1DDDA9EE00785B6D /* GeneralLogViewController.h */,
				F821A60F1DDDA9EE00785B6D /* GeneralLogViewController.m */,
				F815E9931DDEC07900440340 /* GeneralBaseLogItem.h */,
				F815E9941DDEC07900440340 /* GeneralBaseLogItem.m */,
				F815E9EE1DE3F3C600440340 /* UIView+WLExtension.h */,
				F815E9EF1DE3F3C600440340 /* UIView+WLExtension.m */,
			);
			path = Utils;
			sourceTree = "<group>";
		};
		F821A6151DDDD52200785B6D /* JSPatch实战 */ = {
			isa = PBXGroup;
			children = (
				F821A61B1DDDDA8A00785B6D /* JSPatchDemoViewController.h */,
				F821A61C1DDDDA8A00785B6D /* JSPatchDemoViewController.m */,
			);
			name = "JSPatch实战";
			sourceTree = "<group>";
		};
		F821A6211DDE9DDB00785B6D /* CollectioView(日历)实战 */ = {
			isa = PBXGroup;
			children = (
				F821A6221DDE9DDB00785B6D /* CalenderEvent.h */,
				F821A6231DDE9DDB00785B6D /* Controller */,
				F821A6261DDE9DDB00785B6D /* Model */,
				F821A62B1DDE9DDB00785B6D /* View */,
			);
			path = "CollectioView(日历)实战";
			sourceTree = "<group>";
		};
		F821A6231DDE9DDB00785B6D /* Controller */ = {
			isa = PBXGroup;
			children = (
				F821A6241DDE9DDB00785B6D /* WLCollectionViewController.h */,
				F821A6251DDE9DDB00785B6D /* WLCollectionViewController.m */,
			);
			path = Controller;
			sourceTree = "<group>";
		};
		F821A6261DDE9DDB00785B6D /* Model */ = {
			isa = PBXGroup;
			children = (
				F821A6271DDE9DDB00785B6D /* CalenderDataSource.h */,
				F821A6281DDE9DDB00785B6D /* CalenderDataSource.m */,
				F821A6291DDE9DDB00785B6D /* SampleDayEvent.h */,
				F821A62A1DDE9DDB00785B6D /* SampleDayEvent.m */,
			);
			path = Model;
			sourceTree = "<group>";
		};
		F821A62B1DDE9DDB00785B6D /* View */ = {
			isa = PBXGroup;
			children = (
				F821A62C1DDE9DDB00785B6D /* HeaderView.h */,
				F821A62D1DDE9DDB00785B6D /* HeaderView.m */,
				F821A62E1DDE9DDB00785B6D /* WLCollectionViewCell.h */,
				F821A62F1DDE9DDB00785B6D /* WLCollectionViewCell.m */,
				F821A6301DDE9DDB00785B6D /* WLCollectionViewLayout.h */,
				F821A6311DDE9DDB00785B6D /* WLCollectionViewLayout.m */,
				F821A6321DDE9DDB00785B6D /* WLCollectioView.h */,
				F821A6331DDE9DDB00785B6D /* WLCollectioView.m */,
			);
			path = View;
			sourceTree = "<group>";
		};
		F83701351DED3141007A5F17 /* 新建asset catlog实战 */ = {
			isa = PBXGroup;
			children = (
				F83701361DED3141007A5F17 /* AssetsViewController.h */,
				F83701371DED3141007A5F17 /* AssetsViewController.m */,
				F82D662B1DF6CBE4003FAD68 /* WeiboSDK.bundle */,
				F83701381DED3141007A5F17 /* Media.xcassets */,
				F83701591DED51F3007A5F17 /* Ass.xcassets */,
			);
			path = "新建asset catlog实战";
			sourceTree = "<group>";
		};
		F837015D1DED622E007A5F17 /* ____log信息类____ */ = {
			isa = PBXGroup;
			children = (
				F84234711DE7DBC2003F5315 /* KVO和block的实战 */,
				F842346C1DE70AED003F5315 /* CurTopViewController(获得当前可见的VC) */,
				4500352B1F14F27F0033985D /* 测试API类 */,
				F815E9961DDEC38200440340 /* 生成唯一字符串 */,
			);
			name = "____log信息类____";
			sourceTree = "<group>";
		};
		F837015E1DED6247007A5F17 /* ____需要push类____ */ = {
			isa = PBXGroup;
			children = (
				451BDD5D1F209B9600103D74 /* spotlight实战 */,
				F837018C1DEFC85C007A5F17 /* 自定义下拉刷新控件 */,
				F83701351DED3141007A5F17 /* 新建asset catlog实战 */,
				F84234751DE817F9003F5315 /* 尝试改变VC的自建属性，界面会不会即时改变 */,
				F815E9BC1DE3EAD700440340 /* SegmentedControl实战 */,
				F815E9AF1DE3063700440340 /* MethodSwizzing实战 */,
				F815E98F1DDEBE9E00440340 /* UnlockView(手势解锁)实战 */,
				F821A6211DDE9DDB00785B6D /* CollectioView(日历)实战 */,
				F821A6151DDDD52200785B6D /* JSPatch实战 */,
			);
			name = "____需要push类____";
			sourceTree = "<group>";
		};
		F837018C1DEFC85C007A5F17 /* 自定义下拉刷新控件 */ = {
			isa = PBXGroup;
			children = (
				F837018D1DEFC8C6007A5F17 /* WLRefreshViewController.h */,
				F837018E1DEFC8C6007A5F17 /* WLRefreshViewController.m */,
				F83701901DF1518E007A5F17 /* WLRefreshView.h */,
				F83701911DF1518E007A5F17 /* WLRefreshView.m */,
			);
			path = "自定义下拉刷新控件";
			sourceTree = "<group>";
		};
		F842346C1DE70AED003F5315 /* CurTopViewController(获得当前可见的VC) */ = {
			isa = PBXGroup;
			children = (
				F842346D1DE70B0C003F5315 /* UIWindow+Extension.h */,
				F842346E1DE70B0C003F5315 /* UIWindow+Extension.m */,
			);
			path = "CurTopViewController(获得当前可见的VC)";
			sourceTree = "<group>";
		};
		F84234711DE7DBC2003F5315 /* KVO和block的实战 */ = {
			isa = PBXGroup;
			children = (
				F84234721DE7DCEC003F5315 /* KVOModel.h */,
				F84234731DE7DCEC003F5315 /* KVOModel.m */,
			);
			name = "KVO和block的实战";
			path = "KVO实战";
			sourceTree = "<group>";
		};
		F84234751DE817F9003F5315 /* 尝试改变VC的自建属性，界面会不会即时改变 */ = {
			isa = PBXGroup;
			children = (
				F84234761DE81823003F5315 /* PropertyRefreshViewController.h */,
				F84234771DE81823003F5315 /* PropertyRefreshViewController.m */,
			);
			path = "尝试改变VC的自建属性，界面会不会即时改变";
			sourceTree = "<group>";
		};
/* End PBXGroup section */

/* Begin PBXNativeTarget section */
		F821A5CC1DDD5C0C00785B6D /* LocalDemo */ = {
			isa = PBXNativeTarget;
			buildConfigurationList = F821A5FA1DDD5C0C00785B6D /* Build configuration list for PBXNativeTarget "LocalDemo" */;
			buildPhases = (
				D168244EB9D7DF33539B9A38 /* [CP] Check Pods Manifest.lock */,
				F821A5C91DDD5C0C00785B6D /* Sources */,
				F821A5CA1DDD5C0C00785B6D /* Frameworks */,
				F821A5CB1DDD5C0C00785B6D /* Resources */,
				EBDAF0381E8479A1A26371D1 /* [CP] Embed Pods Frameworks */,
				78D37CDAF832F8F306BC8B7F /* [CP] Copy Pods Resources */,
			);
			buildRules = (
			);
			dependencies = (
			);
			name = LocalDemo;
			productName = LocalDemo;
			productReference = F821A5CD1DDD5C0C00785B6D /* LocalDemo.app */;
			productType = "com.apple.product-type.application";
		};
		F821A5E51DDD5C0C00785B6D /* LocalDemoTests */ = {
			isa = PBXNativeTarget;
			buildConfigurationList = F821A5FD1DDD5C0C00785B6D /* Build configuration list for PBXNativeTarget "LocalDemoTests" */;
			buildPhases = (
				F821A5E21DDD5C0C00785B6D /* Sources */,
				F821A5E31DDD5C0C00785B6D /* Frameworks */,
				F821A5E41DDD5C0C00785B6D /* Resources */,
			);
			buildRules = (
			);
			dependencies = (
				F821A5E81DDD5C0C00785B6D /* PBXTargetDependency */,
			);
			name = LocalDemoTests;
			productName = LocalDemoTests;
			productReference = F821A5E61DDD5C0C00785B6D /* LocalDemoTests.xctest */;
			productType = "com.apple.product-type.bundle.unit-test";
		};
		F821A5F01DDD5C0C00785B6D /* LocalDemoUITests */ = {
			isa = PBXNativeTarget;
			buildConfigurationList = F821A6001DDD5C0C00785B6D /* Build configuration list for PBXNativeTarget "LocalDemoUITests" */;
			buildPhases = (
				F821A5ED1DDD5C0C00785B6D /* Sources */,
				F821A5EE1DDD5C0C00785B6D /* Frameworks */,
				F821A5EF1DDD5C0C00785B6D /* Resources */,
			);
			buildRules = (
			);
			dependencies = (
				F821A5F31DDD5C0C00785B6D /* PBXTargetDependency */,
			);
			name = LocalDemoUITests;
			productName = LocalDemoUITests;
			productReference = F821A5F11DDD5C0C00785B6D /* LocalDemoUITests.xctest */;
			productType = "com.apple.product-type.bundle.ui-testing";
		};
/* End PBXNativeTarget section */

/* Begin PBXProject section */
		F821A5C51DDD5C0C00785B6D /* Project object */ = {
			isa = PBXProject;
			attributes = {
				LastUpgradeCheck = 0800;
				ORGANIZATIONNAME = Baidu;
				TargetAttributes = {
					F821A5CC1DDD5C0C00785B6D = {
						CreatedOnToolsVersion = 8.0;
						DevelopmentTeam = AL7VT7FHH8;
						ProvisioningStyle = Automatic;
						SystemCapabilities = {
							com.apple.Keychain = {
								enabled = 1;
							};
						};
					};
					F821A5E51DDD5C0C00785B6D = {
						CreatedOnToolsVersion = 8.0;
						ProvisioningStyle = Automatic;
						TestTargetID = F821A5CC1DDD5C0C00785B6D;
					};
					F821A5F01DDD5C0C00785B6D = {
						CreatedOnToolsVersion = 8.0;
						ProvisioningStyle = Automatic;
						TestTargetID = F821A5CC1DDD5C0C00785B6D;
					};
				};
			};
			buildConfigurationList = F821A5C81DDD5C0C00785B6D /* Build configuration list for PBXProject "LocalDemo" */;
			compatibilityVersion = "Xcode 3.2";
			developmentRegion = English;
			hasScannedForEncodings = 0;
			knownRegions = (
				en,
				Base,
			);
			mainGroup = F821A5C41DDD5C0C00785B6D;
			productRefGroup = F821A5CE1DDD5C0C00785B6D /* Products */;
			projectDirPath = "";
			projectRoot = "";
			targets = (
				F821A5CC1DDD5C0C00785B6D /* LocalDemo */,
				F821A5E51DDD5C0C00785B6D /* LocalDemoTests */,
				F821A5F01DDD5C0C00785B6D /* LocalDemoUITests */,
			);
		};
/* End PBXProject section */

/* Begin PBXResourcesBuildPhase section */
		F821A5CB1DDD5C0C00785B6D /* Resources */ = {
			isa = PBXResourcesBuildPhase;
			buildActionMask = 2147483647;
			files = (
				F837015A1DED51F3007A5F17 /* Ass.xcassets in Resources */,
				F837013A1DED3141007A5F17 /* Media.xcassets in Resources */,
				F821A5E01DDD5C0C00785B6D /* LaunchScreen.storyboard in Resources */,
				F821A5DD1DDD5C0C00785B6D /* Assets.xcassets in Resources */,
				F821A5DB1DDD5C0C00785B6D /* Main.storyboard in Resources */,
				F82D662C1DF6CBE4003FAD68 /* WeiboSDK.bundle in Resources */,
			);
			runOnlyForDeploymentPostprocessing = 0;
		};
		F821A5E41DDD5C0C00785B6D /* Resources */ = {
			isa = PBXResourcesBuildPhase;
			buildActionMask = 2147483647;
			files = (
			);
			runOnlyForDeploymentPostprocessing = 0;
		};
		F821A5EF1DDD5C0C00785B6D /* Resources */ = {
			isa = PBXResourcesBuildPhase;
			buildActionMask = 2147483647;
			files = (
			);
			runOnlyForDeploymentPostprocessing = 0;
		};
/* End PBXResourcesBuildPhase section */

/* Begin PBXShellScriptBuildPhase section */
		78D37CDAF832F8F306BC8B7F /* [CP] Copy Pods Resources */ = {
			isa = PBXShellScriptBuildPhase;
			buildActionMask = 2147483647;
			files = (
			);
			inputPaths = (
			);
			name = "[CP] Copy Pods Resources";
			outputPaths = (
			);
			runOnlyForDeploymentPostprocessing = 0;
			shellPath = /bin/sh;
			shellScript = "\"${SRCROOT}/Pods/Target Support Files/Pods-LocalDemo/Pods-LocalDemo-resources.sh\"\n";
			showEnvVarsInLog = 0;
		};
		D168244EB9D7DF33539B9A38 /* [CP] Check Pods Manifest.lock */ = {
			isa = PBXShellScriptBuildPhase;
			buildActionMask = 2147483647;
			files = (
			);
			inputPaths = (
			);
			name = "[CP] Check Pods Manifest.lock";
			outputPaths = (
			);
			runOnlyForDeploymentPostprocessing = 0;
			shellPath = /bin/sh;
			shellScript = "diff \"${PODS_PODFILE_DIR_PATH}/Podfile.lock\" \"${PODS_ROOT}/Manifest.lock\" > /dev/null\nif [ $? != 0 ] ; then\n    # print error to STDERR\n    echo \"error: The sandbox is not in sync with the Podfile.lock. Run 'pod install' or update your CocoaPods installation.\" >&2\n    exit 1\nfi\n";
			showEnvVarsInLog = 0;
		};
		EBDAF0381E8479A1A26371D1 /* [CP] Embed Pods Frameworks */ = {
			isa = PBXShellScriptBuildPhase;
			buildActionMask = 2147483647;
			files = (
			);
			inputPaths = (
			);
			name = "[CP] Embed Pods Frameworks";
			outputPaths = (
			);
			runOnlyForDeploymentPostprocessing = 0;
			shellPath = /bin/sh;
			shellScript = "\"${SRCROOT}/Pods/Target Support Files/Pods-LocalDemo/Pods-LocalDemo-frameworks.sh\"\n";
			showEnvVarsInLog = 0;
		};
/* End PBXShellScriptBuildPhase section */

/* Begin PBXSourcesBuildPhase section */
		F821A5C91DDD5C0C00785B6D /* Sources */ = {
			isa = PBXSourcesBuildPhase;
			buildActionMask = 2147483647;
			files = (
				F821A6351DDE9DDB00785B6D /* CalenderDataSource.m in Sources */,
				F815E9E31DE3F04300440340 /* TestFiveVC.m in Sources */,
				F815E9C01DE3EB3000440340 /* SegmentedViewController.m in Sources */,
				F821A63A1DDE9DDB00785B6D /* WLCollectioView.m in Sources */,
				F821A6371DDE9DDB00785B6D /* HeaderView.m in Sources */,
				F815E9E21DE3F04300440340 /* TestEightVC.m in Sources */,
				F815E9921DDEBF3000440340 /* WLUnlockView.m in Sources */,
				F84234741DE7DCEC003F5315 /* KVOModel.m in Sources */,
				F83701921DF1518F007A5F17 /* WLRefreshView.m in Sources */,
				451BDD601F209BF700103D74 /* WLSpotlight.m in Sources */,
				F815E9E81DE3F04300440340 /* TestSixVC.m in Sources */,
				F815E9ED1DE3F2D900440340 /* SegmentedControlDefault.m in Sources */,
				F815E9E61DE3F04300440340 /* TestOneVC.m in Sources */,
				F815E9951DDEC07900440340 /* GeneralBaseLogItem.m in Sources */,
				F842346F1DE70B0C003F5315 /* UIWindow+Extension.m in Sources */,
				F821A5D51DDD5C0C00785B6D /* AppDelegate.m in Sources */,
				F821A6391DDE9DDB00785B6D /* WLCollectionViewLayout.m in Sources */,
				F821A6341DDE9DDB00785B6D /* WLCollectionViewController.m in Sources */,
				F815EA011DE43B3A00440340 /* SegmentedControlBottomView.m in Sources */,
				F815E9B81DE30BBB00440340 /* MethodSwizzleViewController.m in Sources */,
				F815E9E41DE3F04300440340 /* TestFourVC.m in Sources */,
				F815E9E91DE3F04300440340 /* TestThreeVC.m in Sources */,
				F815E9B51DE306FC00440340 /* UIViewController+WLStatisticalViewController.m in Sources */,
				F815E9CF1DE3F01A00440340 /* StyleNineVC.m in Sources */,
				F815E9F01DE3F3C600440340 /* UIView+WLExtension.m in Sources */,
				4500352E1F14F2B50033985D /* TestForApi.m in Sources */,
				F821A6361DDE9DDB00785B6D /* SampleDayEvent.m in Sources */,
				F815E9CE1DE3F01A00440340 /* StyleFiveVC.m in Sources */,
				F83701391DED3141007A5F17 /* AssetsViewController.m in Sources */,
				F821A6101DDDA9EE00785B6D /* GeneralLogViewController.m in Sources */,
				F837018F1DEFC8C6007A5F17 /* WLRefreshViewController.m in Sources */,
				F815E9BB1DE3177500440340 /* NSArray+WLSafeArray.m in Sources */,
				F821A5D21DDD5C0C00785B6D /* main.m in Sources */,
				F821A6051DDDA0EC00785B6D /* DemoListViewController.m in Sources */,
				F821A6381DDE9DDB00785B6D /* WLCollectionViewCell.m in Sources */,
				F815E9E51DE3F04300440340 /* TestNineVC.m in Sources */,
				F821A6091DDDA85400785B6D /* UniqueString.m in Sources */,
				F821A61D1DDDDA8A00785B6D /* JSPatchDemoViewController.m in Sources */,
				F84234781DE81823003F5315 /* PropertyRefreshViewController.m in Sources */,
				F815E9E71DE3F04300440340 /* TestSevenVC.m in Sources */,
				F815E9EA1DE3F04300440340 /* TestTwoVC.m in Sources */,
			);
			runOnlyForDeploymentPostprocessing = 0;
		};
		F821A5E21DDD5C0C00785B6D /* Sources */ = {
			isa = PBXSourcesBuildPhase;
			buildActionMask = 2147483647;
			files = (
				F821A5EB1DDD5C0C00785B6D /* LocalDemoTests.m in Sources */,
			);
			runOnlyForDeploymentPostprocessing = 0;
		};
		F821A5ED1DDD5C0C00785B6D /* Sources */ = {
			isa = PBXSourcesBuildPhase;
			buildActionMask = 2147483647;
			files = (
				F821A5F61DDD5C0C00785B6D /* LocalDemoUITests.m in Sources */,
			);
			runOnlyForDeploymentPostprocessing = 0;
		};
/* End PBXSourcesBuildPhase section */

/* Begin PBXTargetDependency section */
		F821A5E81DDD5C0C00785B6D /* PBXTargetDependency */ = {
			isa = PBXTargetDependency;
			target = F821A5CC1DDD5C0C00785B6D /* LocalDemo */;
			targetProxy = F821A5E71DDD5C0C00785B6D /* PBXContainerItemProxy */;
		};
		F821A5F31DDD5C0C00785B6D /* PBXTargetDependency */ = {
			isa = PBXTargetDependency;
			target = F821A5CC1DDD5C0C00785B6D /* LocalDemo */;
			targetProxy = F821A5F21DDD5C0C00785B6D /* PBXContainerItemProxy */;
		};
/* End PBXTargetDependency section */

/* Begin PBXVariantGroup section */
		F821A5D91DDD5C0C00785B6D /* Main.storyboard */ = {
			isa = PBXVariantGroup;
			children = (
				F821A5DA1DDD5C0C00785B6D /* Base */,
			);
			name = Main.storyboard;
			sourceTree = "<group>";
		};
		F821A5DE1DDD5C0C00785B6D /* LaunchScreen.storyboard */ = {
			isa = PBXVariantGroup;
			children = (
				F821A5DF1DDD5C0C00785B6D /* Base */,
			);
			name = LaunchScreen.storyboard;
			sourceTree = "<group>";
		};
/* End PBXVariantGroup section */

/* Begin XCBuildConfiguration section */
		F821A5F81DDD5C0C00785B6D /* Debug */ = {
			isa = XCBuildConfiguration;
			buildSettings = {
				ALWAYS_SEARCH_USER_PATHS = NO;
				CLANG_ANALYZER_NONNULL = YES;
				CLANG_CXX_LANGUAGE_STANDARD = "gnu++0x";
				CLANG_CXX_LIBRARY = "libc++";
				CLANG_ENABLE_MODULES = YES;
				CLANG_ENABLE_OBJC_ARC = YES;
				CLANG_WARN_BOOL_CONVERSION = YES;
				CLANG_WARN_CONSTANT_CONVERSION = YES;
				CLANG_WARN_DIRECT_OBJC_ISA_USAGE = YES_ERROR;
				CLANG_WARN_DOCUMENTATION_COMMENTS = YES;
				CLANG_WARN_EMPTY_BODY = YES;
				CLANG_WARN_ENUM_CONVERSION = YES;
				CLANG_WARN_INFINITE_RECURSION = YES;
				CLANG_WARN_INT_CONVERSION = YES;
				CLANG_WARN_OBJC_ROOT_CLASS = YES_ERROR;
				CLANG_WARN_SUSPICIOUS_MOVES = YES;
				CLANG_WARN_UNREACHABLE_CODE = YES;
				CLANG_WARN__DUPLICATE_METHOD_MATCH = YES;
				"CODE_SIGN_IDENTITY[sdk=iphoneos*]" = "iPhone Developer";
				COPY_PHASE_STRIP = NO;
				DEBUG_INFORMATION_FORMAT = dwarf;
				ENABLE_STRICT_OBJC_MSGSEND = YES;
				ENABLE_TESTABILITY = YES;
				GCC_C_LANGUAGE_STANDARD = gnu99;
				GCC_DYNAMIC_NO_PIC = NO;
				GCC_NO_COMMON_BLOCKS = YES;
				GCC_OPTIMIZATION_LEVEL = 0;
				GCC_PREPROCESSOR_DEFINITIONS = (
					"DEBUG=1",
					"$(inherited)",
				);
				GCC_WARN_64_TO_32_BIT_CONVERSION = YES;
				GCC_WARN_ABOUT_RETURN_TYPE = YES_ERROR;
				GCC_WARN_UNDECLARED_SELECTOR = YES;
				GCC_WARN_UNINITIALIZED_AUTOS = YES_AGGRESSIVE;
				GCC_WARN_UNUSED_FUNCTION = YES;
				GCC_WARN_UNUSED_VARIABLE = YES;
				IPHONEOS_DEPLOYMENT_TARGET = 10.0;
				MTL_ENABLE_DEBUG_INFO = YES;
				ONLY_ACTIVE_ARCH = YES;
				SDKROOT = iphoneos;
			};
			name = Debug;
		};
		F821A5F91DDD5C0C00785B6D /* Release */ = {
			isa = XCBuildConfiguration;
			buildSettings = {
				ALWAYS_SEARCH_USER_PATHS = NO;
				CLANG_ANALYZER_NONNULL = YES;
				CLANG_CXX_LANGUAGE_STANDARD = "gnu++0x";
				CLANG_CXX_LIBRARY = "libc++";
				CLANG_ENABLE_MODULES = YES;
				CLANG_ENABLE_OBJC_ARC = YES;
				CLANG_WARN_BOOL_CONVERSION = YES;
				CLANG_WARN_CONSTANT_CONVERSION = YES;
				CLANG_WARN_DIRECT_OBJC_ISA_USAGE = YES_ERROR;
				CLANG_WARN_DOCUMENTATION_COMMENTS = YES;
				CLANG_WARN_EMPTY_BODY = YES;
				CLANG_WARN_ENUM_CONVERSION = YES;
				CLANG_WARN_INFINITE_RECURSION = YES;
				CLANG_WARN_INT_CONVERSION = YES;
				CLANG_WARN_OBJC_ROOT_CLASS = YES_ERROR;
				CLANG_WARN_SUSPICIOUS_MOVES = YES;
				CLANG_WARN_UNREACHABLE_CODE = YES;
				CLANG_WARN__DUPLICATE_METHOD_MATCH = YES;
				"CODE_SIGN_IDENTITY[sdk=iphoneos*]" = "iPhone Developer";
				COPY_PHASE_STRIP = NO;
				DEBUG_INFORMATION_FORMAT = "dwarf-with-dsym";
				ENABLE_NS_ASSERTIONS = NO;
				ENABLE_STRICT_OBJC_MSGSEND = YES;
				GCC_C_LANGUAGE_STANDARD = gnu99;
				GCC_NO_COMMON_BLOCKS = YES;
				GCC_WARN_64_TO_32_BIT_CONVERSION = YES;
				GCC_WARN_ABOUT_RETURN_TYPE = YES_ERROR;
				GCC_WARN_UNDECLARED_SELECTOR = YES;
				GCC_WARN_UNINITIALIZED_AUTOS = YES_AGGRESSIVE;
				GCC_WARN_UNUSED_FUNCTION = YES;
				GCC_WARN_UNUSED_VARIABLE = YES;
				IPHONEOS_DEPLOYMENT_TARGET = 10.0;
				MTL_ENABLE_DEBUG_INFO = NO;
				SDKROOT = iphoneos;
				VALIDATE_PRODUCT = YES;
			};
			name = Release;
		};
		F821A5FB1DDD5C0C00785B6D /* Debug */ = {
			isa = XCBuildConfiguration;
			baseConfigurationReference = 8BFCBC1788C2D632F293587D /* Pods-LocalDemo.debug.xcconfig */;
			buildSettings = {
				ASSETCATALOG_COMPILER_APPICON_NAME = AppIcon;
				CODE_SIGN_ENTITLEMENTS = LocalDemo/LocalDemo.entitlements;
				DEVELOPMENT_TEAM = AL7VT7FHH8;
				INFOPLIST_FILE = LocalDemo/Info.plist;
				LD_RUNPATH_SEARCH_PATHS = "$(inherited) @executable_path/Frameworks";
				LIBRARY_SEARCH_PATHS = (
					"$(inherited)",
					"$(PROJECT_DIR)/WB",
				);
				PRODUCT_BUNDLE_IDENTIFIER = Baidu.LocalDemo;
				PRODUCT_NAME = "$(TARGET_NAME)";
			};
			name = Debug;
		};
		F821A5FC1DDD5C0C00785B6D /* Release */ = {
			isa = XCBuildConfiguration;
			baseConfigurationReference = 408029C9342F6538B4AF7D12 /* Pods-LocalDemo.release.xcconfig */;
			buildSettings = {
				ASSETCATALOG_COMPILER_APPICON_NAME = AppIcon;
				CODE_SIGN_ENTITLEMENTS = LocalDemo/LocalDemo.entitlements;
				DEVELOPMENT_TEAM = AL7VT7FHH8;
				INFOPLIST_FILE = LocalDemo/Info.plist;
				LD_RUNPATH_SEARCH_PATHS = "$(inherited) @executable_path/Frameworks";
				LIBRARY_SEARCH_PATHS = (
					"$(inherited)",
					"$(PROJECT_DIR)/WB",
				);
				PRODUCT_BUNDLE_IDENTIFIER = Baidu.LocalDemo;
				PRODUCT_NAME = "$(TARGET_NAME)";
			};
			name = Release;
		};
		F821A5FE1DDD5C0C00785B6D /* Debug */ = {
			isa = XCBuildConfiguration;
			buildSettings = {
				BUNDLE_LOADER = "$(TEST_HOST)";
				INFOPLIST_FILE = LocalDemoTests/Info.plist;
				LD_RUNPATH_SEARCH_PATHS = "$(inherited) @executable_path/Frameworks @loader_path/Frameworks";
				PRODUCT_BUNDLE_IDENTIFIER = Baidu.LocalDemoTests;
				PRODUCT_NAME = "$(TARGET_NAME)";
				TEST_HOST = "$(BUILT_PRODUCTS_DIR)/LocalDemo.app/LocalDemo";
			};
			name = Debug;
		};
		F821A5FF1DDD5C0C00785B6D /* Release */ = {
			isa = XCBuildConfiguration;
			buildSettings = {
				BUNDLE_LOADER = "$(TEST_HOST)";
				INFOPLIST_FILE = LocalDemoTests/Info.plist;
				LD_RUNPATH_SEARCH_PATHS = "$(inherited) @executable_path/Frameworks @loader_path/Frameworks";
				PRODUCT_BUNDLE_IDENTIFIER = Baidu.LocalDemoTests;
				PRODUCT_NAME = "$(TARGET_NAME)";
				TEST_HOST = "$(BUILT_PRODUCTS_DIR)/LocalDemo.app/LocalDemo";
			};
			name = Release;
		};
		F821A6011DDD5C0C00785B6D /* Debug */ = {
			isa = XCBuildConfiguration;
			buildSettings = {
				INFOPLIST_FILE = LocalDemoUITests/Info.plist;
				LD_RUNPATH_SEARCH_PATHS = "$(inherited) @executable_path/Frameworks @loader_path/Frameworks";
				PRODUCT_BUNDLE_IDENTIFIER = Baidu.LocalDemoUITests;
				PRODUCT_NAME = "$(TARGET_NAME)";
				TEST_TARGET_NAME = LocalDemo;
			};
			name = Debug;
		};
		F821A6021DDD5C0C00785B6D /* Release */ = {
			isa = XCBuildConfiguration;
			buildSettings = {
				INFOPLIST_FILE = LocalDemoUITests/Info.plist;
				LD_RUNPATH_SEARCH_PATHS = "$(inherited) @executable_path/Frameworks @loader_path/Frameworks";
				PRODUCT_BUNDLE_IDENTIFIER = Baidu.LocalDemoUITests;
				PRODUCT_NAME = "$(TARGET_NAME)";
				TEST_TARGET_NAME = LocalDemo;
			};
			name = Release;
		};
/* End XCBuildConfiguration section */

/* Begin XCConfigurationList section */
		F821A5C81DDD5C0C00785B6D /* Build configuration list for PBXProject "LocalDemo" */ = {
			isa = XCConfigurationList;
			buildConfigurations = (
				F821A5F81DDD5C0C00785B6D /* Debug */,
				F821A5F91DDD5C0C00785B6D /* Release */,
			);
			defaultConfigurationIsVisible = 0;
			defaultConfigurationName = Release;
		};
		F821A5FA1DDD5C0C00785B6D /* Build configuration list for PBXNativeTarget "LocalDemo" */ = {
			isa = XCConfigurationList;
			buildConfigurations = (
				F821A5FB1DDD5C0C00785B6D /* Debug */,
				F821A5FC1DDD5C0C00785B6D /* Release */,
			);
			defaultConfigurationIsVisible = 0;
			defaultConfigurationName = Release;
		};
		F821A5FD1DDD5C0C00785B6D /* Build configuration list for PBXNativeTarget "LocalDemoTests" */ = {
			isa = XCConfigurationList;
			buildConfigurations = (
				F821A5FE1DDD5C0C00785B6D /* Debug */,
				F821A5FF1DDD5C0C00785B6D /* Release */,
			);
			defaultConfigurationIsVisible = 0;
			defaultConfigurationName = Release;
		};
		F821A6001DDD5C0C00785B6D /* Build configuration list for PBXNativeTarget "LocalDemoUITests" */ = {
			isa = XCConfigurationList;
			buildConfigurations = (
				F821A6011DDD5C0C00785B6D /* Debug */,
				F821A6021DDD5C0C00785B6D /* Release */,
			);
			defaultConfigurationIsVisible = 0;
			defaultConfigurationName = Release;
		};
/* End XCConfigurationList section */
	};
	rootObject = F821A5C51DDD5C0C00785B6D /* Project object */;
}
